
Microsoft Visual Studio Solution File, Format Version 12.00
# Visual Studio 2012
Project("{FAE04EC0-301F-11D3-BF4B-00C04F79EFBC}") = "registration_form", "registration_form\registration_form.csproj", "{D7EE2E4B-40D5-49E9-B50C-EEBB11F61B7F}"
EndProject
Global
	GlobalSection(SolutionConfigurationPlatforms) = preSolution
		Debug|Any CPU = Debug|Any CPU
		Release|Any CPU = Release|Any CPU
	EndGlobalSection
	GlobalSection(ProjectConfigurationPlatforms) = postSolution
		{D7EE2E4B-40D5-49E9-B50C-EEBB11F61B7F}.Debug|Any CPU.ActiveCfg = Debug|Any CPU
		{D7EE2E4B-40D5-49E9-B50C-EEBB11F61B7F}.Debug|Any CPU.Build.0 = Debug|Any CPU
		{D7EE2E4B-40D5-49E9-B50C-EEBB11F61B7F}.Release|Any CPU.ActiveCfg = Release|Any CPU
		{D7EE2E4B-40D5-49E9-B50C-EEBB11F61B7F}.Release|Any CPU.Build.0 = Release|Any CPU
	EndGlobalSection
	GlobalSection(SolutionProperties) = preSolution
		HideSolutionNode = FALSE
	EndGlobalSection
EndGlobal
